filippo.io/edwards25519 v1.2.0 h1:crnVqOiS4jqYleHd9vaKZ+HKtHfllngJIiOpNpoJsjo=
filippo.io/edwards25519 v1.2.0/go.mod h1:xzAOLCNug/yB62zG1bQ8uziwrIqIuxhctzJT18Q77mc=
github.com/go-sql-driver/mysql v1.10.1 h1:arlSnNLq6a5yxGxV7qg9lF4j0C+KwD6NbQyKr9QL6ME=
github.com/go-sql-driver/mysql v1.10.1/go.mod h1:M+cqaI7+xxXGG9swrdeUIoPG3Y3KCkF0pZej+SK+nWk=
github.com/golang-sql/civil v0.0.0-20220223132316-b832511892a9 h1:au07oEsX2xN0ktxqI+Sida1w446QrXBRJ0nee3SNZlA=
github.com/golang-sql/civil v0.0.0-20220223132316-b832511892a9/go.mod h1:8vg3r2VgvsThLBIFL93Qb5yWzgyZWhEmBwUJWevAkK0=
github.com/golang-sql/sqlexp v0.1.0 h1:ZCD6MBpcuOVfGVqsEmY5/4FtYiKz6tSyUv9LPEDei6A=
github.com/golang-sql/sqlexp v0.1.0/go.mod h1:J4ad9Vo8ZCWQ2GMrC4UCQy1JpCbwU9m3EOqtpKwwwHI=
github.com/google/go-cmp v0.6.0 h1:ofyhxvXcZhMsU5ulbFiLKl/XBFqE1GSq7atu8tAmTRI=
github.com/google/go-cmp v0.6.0/go.mod h1:17dUlkBOakJ0+DkrSSNjCkIjxS6bF9zb3elmeNGIjoY=
github.com/google/uuid v1.6.0 h1:NIvaJDMOsjHA8n1jAhLSgzrAzy1Hgr+hNrb57e+94F0=
github.com/google/uuid v1.6.0/go.mod h1:TIyPZe4MgqvfeYDBFedMoGGpEw/LqOeaOT+nhxU+yHo=
github.com/jackc/pgpassfile v1.0.0 h1:/6Hmqy13Ss2zCq62VdNG8tM1wchn8zjSGOBJ6icpsIM=
github.com/jackc/pgpassfile v1.0.0/go.mod h1:CEx0iS5ambNFdcRtxPj5JhEz+xB6uRky5eyVu/W2HEg=
github.com/jackc/pgservicefile v0.0.0-20231201235250-de7065d80cb9 h1:L0QtFUgDarD7Fpv9jeVMgy/+Ec0mtnmYuImjTz6dtDA=
github.com/jackc/pgservicefile v0.0.0-20231201235250-de7065d80cb9/go.mod h1:5TJZWKEWniPve33vlWYSoGYefn3gLQRzjfDlhSJ9ZKM=
github.com/jackc/pgx/v5 v5.5.5 h1:amBjrZVmksIdNjxGW/IiIMzxMKZFelXbUoPNb+8sjQw=
github.com/jackc/pgx/v5 v5.5.5/go.mod h1:ez9gk+OAat140fv9ErkZDYFWmXLfV+++K0uAOiwgm1A=
github.com/jackc/puddle/v2 v2.2.1 h1:RhxXJtFG022u4ibrCSMSiu5aOq1i77R3OHKNJj77OAk=
github.com/jackc/puddle/v2 v2.2.1/go.mod h1:vriiEXHvEE654aYKXXjOvZM39qJ0q+azkZFrfEOc3H4=
github.com/jinzhu/inflection v1.0.0 h1:K317FqzuhWc8YvSVlFMCCUb36O/S9MCKRDI7QkRKD/E=
github.com/jinzhu/inflection v1.0.0/go.mod h1:h+uFLlag+Qp1Va5pdKtLDYj+kHp5pxUVkryuEj+Srlc=
github.com/jinzhu/now v1.1.5 h1:/o9tlHleP7gOFmsnYNz3RGnqzefHA47wQpKrrdTIwXQ=
github.com/jinzhu/now v1.1.5/go.mod h1:d3SSVoowX0Lcu0IBviAWJpolVfI5UJVZZ7cO71lE/z8=
github.com/mattn/go-sqlite3 v1.14.15/go.mod h1:2eHXhiwb8IkHr+BDWZGa96P6+rkvnG63S2DGjv9HUNg=
github.com/mattn/go-sqlite3 v1.14.16/go.mod h1:2eHXhiwb8IkHr+BDWZGa96P6+rkvnG63S2DGjv9HUNg=
github.com/mattn/go-sqlite3 v1.14.22 h1:2gZY6PC6kBnID23Tichd1K+Z0oS6nE/XwU+Vz/5o4kU=
github.com/mattn/go-sqlite3 v1.14.22/go.mod h1:Uh1q+B4BYcTPb+yiD3kU8Ct7aC0hY9fxUwlHK0RXw+Y=
github.com/microsoft/go-mssqldb v1.7.2 h1:CHkFJiObW7ItKTJfHo1QX7QBBD1iV+mn1eOyRP3b/PA=
github.com/microsoft/go-mssqldb v1.7.2/go.mod h1:kOvZKUdrhhFQmxLZqbwUV0rHkNkZpthMITIb2Ko1IoA=
golang.org/x/crypto v0.23.0 h1:dIJU/v2J8Mdglj/8rJ6UUOM3Zc9zLZxVZwwxMooUSAI=
golang.org/x/crypto v0.23.0/go.mod h1:CKFgDieR+mRhux2Lsu27y0fO304Db0wZe70UKqHu0v8=
golang.org/x/exp v0.0.0-20261009195045-ca0d7ba23607 h1:o259es6R0mYtmCeID0xv+dkp5kQSf6qp8zs0j4MdUaI=
golang.org/x/exp v0.0.0-20261009195045-ca0d7ba23607/go.mod h1:SRjTzy5WcYqRRqquLUvHeeovSwLO0CZ3xcltZNO4Fck=
golang.org/x/mod v0.42.0 h1:ICeL3t2L30ljSPHHxDnR4fqVcBt/zR2zJAb9juavmQg=
golang.org/x/mod v0.42.0/go.mod h1:u5fzIrRInkL8MaO1cbRkUHT64v303YIT5KEqpNr7jRs=
golang.org/x/sync v0.24.0 h1:iqiDrGoDgyuvAKrhLQthUEzU/R378N78gXbBjxed7oA=
golang.org/x/sync v0.24.0/go.mod h1:sUUOizhqBxiL6pEWpqNLUiaJn1ShEbZ6BBqskPbjZm0=
golang.org/x/text v0.43.0 h1:1QivrlhwAsnMOcqgOdl9my7s9OyZl8O5/UGUTJVXoWc=
golang.org/x/text v0.43.0/go.mod h1:hbSIYA/amXcRXTFSZqh8tWHEoqRvvbKPJ2uz/KU+a+s=
golang.org/x/tools v0.51.0 h1:k4Xc/1Om9jwkBJBo4NVLMSARBoWtK10mx+W5BnXCeAI=
golang.org/x/tools v0.51.0/go.mod h1:9eEncMayCV6zRMGhR5eZEC2iBx98qWcF1HZ9Z7wJOoA=
gorm.io/datatypes v1.2.7 h1:ww9GAhF1aGXZY3EB3cJPJ7//JiuQo7DlQA7NNlVaTdk=
gorm.io/datatypes v1.2.7/go.mod h1:M2iO+6S3hhi4nAyYe444Pcb0dcIiOMJ7QHaUXxyiNZY=
gorm.io/driver/mysql v1.6.0 h1:eNbLmNTpPpTOVZi8MMxCi2aaIm0ZpInbORNXDwyLGvg=
gorm.io/driver/mysql v1.6.0/go.mod h1:D/oCC2GWK3M/dqoLxnOlaNKmXz8WNTfcS9y5ovaSqKo=
gorm.io/driver/postgres v1.5.0 h1:u2FXTy14l45qc3UeCJ7QaAXZmZfDDv0YrthvmRq1l0U=
gorm.io/driver/postgres v1.5.0/go.mod h1:FUZXzO+5Uqg5zzwzv4KK49R8lvGIyscBOqYrtI1Ce9A=
gorm.io/driver/sqlite v1.5.0/go.mod h1:kDMDfntV9u/vuMmz8APHtHF0b4nyBB7sfCieC6G8k8I=
gorm.io/driver/sqlite v1.6.0 h1:WHRRrIiulaPiPFmDcod6prc4l2VGVWHz80KspNsxSfQ=
gorm.io/driver/sqlite v1.6.0/go.mod h1:AO9V1qIQddBESngQUKWL9yoH93HIeA1X6V633rBwyT8=
gorm.io/driver/sqlserver v1.6.0 h1:VZOBQVsVhkHU/NzNhRJKoANt5pZGQAS1Bwc6m6dgfnc=
gorm.io/driver/sqlserver v1.6.0/go.mod h1:WQzt4IJo/WHKnckU9jXBLMJIVNMVeTu25dnOzehntWw=
gorm.io/gen v0.3.29 h1:hsml2IbzZswWjqjJyxJQnTBcGdJ1bZdJG/ITo2yGFLI=
gorm.io/gen v0.3.29/go.mod h1:bJdK2/7BJaRdLBY7Vf8+FxWLC5WWYRfG+ZY3NQT/AbU=
gorm.io/gorm v1.24.7-0.20230306060331-85eaf9eeda11/go.mod h1:L4uxeKpfBml98NYqVqwAdmV1a2nBtAec/cf3fpucW/k=
gorm.io/gorm v1.25.0/go.mod h1:L4uxeKpfBml98NYqVqwAdmV1a2nBtAec/cf3fpucW/k=
gorm.io/gorm v1.31.2 h1:3o8FXNo9v9S858gil+3LlZA1LkCOzgb4g5BL64FgaCo=
gorm.io/gorm v1.31.2/go.mod h1:XyQVbO2k6YkOis7C2437jSit3SsDK72s7n7rsSHd+Gs=
gorm.io/hints v1.1.2 h1:b5j0kwk5p4+3BtDtYqqfY+ATSxjj+6ptPgVveuynn9o=
gorm.io/hints v1.1.2/go.mod h1:/ARdpUHAtyEMCh5NNi3tI7FsGh+Cj/MIUlvNxCNCFWg=
gorm.io/plugin/dbresolver v1.6.2 h1:F4b85TenghUeITqe3+epPSUtHH7RIk3fXr5l83DF8Pc=
gorm.io/plugin/dbresolver v1.6.2/go.mod h1:tctw63jdrOezFR9HmrKnPkmig3m5Edem9fdxk9bQSzM=
